{
    "_readme": [
        "This file locks the dependencies of your project to a known state",
        "Read more about it at https://getcomposer.org/doc/01-basic-usage.md#installing-dependencies",
        "This file is @generated automatically"
    ],
    "content-hash": "498b8a86e0cb59bb3cd187c5a10ad66a",
    "packages": [
        {
            "name": "mammatus/http-server-contracts",
            "version": "dev-master",
            "source": {
                "type": "git",
                "url": "https://github.com/MammatusPHP/http-server-contracts.git",
                "reference": "b310426cf5c79c010e76b89953bb5cd51ce83cea"
            },
            "dist": {
                "type": "zip",
                "url": "https://api.github.com/repos/MammatusPHP/http-server-contracts/zipball/b310426cf5c79c010e76b89953bb5cd51ce83cea",
                "reference": "b310426cf5c79c010e76b89953bb5cd51ce83cea",
                "shasum": ""
            },
            "require": {
                "php": "^7.4"
            },
            "type": "library",
            "autoload": {
                "psr-4": {
                    "Mammatus\\Http\\Server\\Configuration\\": "src/"
                }
            },
            "notification-url": "https://packagist.org/downloads/",
            "license": [
                "MIT"
            ],
            "description": "HTTP Server contracts",
            "time": "2020-06-28T22:18:28+00:00"
        }
    ],
    "packages-dev": [],
    "aliases": [],
    "minimum-stability": "stable",
    "stability-flags": {
        "mammatus/http-server-contracts": 20
    },
    "prefer-stable": false,
    "prefer-lowest": false,
    "platform": {
        "php": "^7.4"
    },
    "platform-dev": [],
    "platform-overrides": {
        "php": "7.4"
    },
    "plugin-api-version": "1.1.0"
}
